// !$*UTF8*$!
{
	archiveVersion = 1;
	classes = {
	};
	objectVersion = 50;
	objects = {

/* Begin PBXBuildFile section */
		34587346251D9B6200E3F1FE /* NSString+Notification.m in Sources */ = {isa = PBXBuildFile; fileRef = 34587345251D9B6200E3F1FE /* NSString+Notification.m */; };
		3458734B251DA1E900E3F1FE /* NotificationCenterDelegate.m in Sources */ = {isa = PBXBuildFile; fileRef = 3458734A251DA1E900E3F1FE /* NotificationCenterDelegate.m */; };
		34587357251DCC6700E3F1FE /* UserNotifications.framework in Frameworks */ = {isa = PBXBuildFile; fileRef = 34587356251DCC6700E3F1FE /* UserNotifications.framework */; };
		34587359251DCC6700E3F1FE /* UserNotificationsUI.framework in Frameworks */ = {isa = PBXBuildFile; fileRef = 34587358251DCC6700E3F1FE /* UserNotificationsUI.framework */; };
		3458735D251DCC6700E3F1FE /* NotificationViewController.m in Sources */ = {isa = PBXBuildFile; fileRef = 3458735C251DCC6700E3F1FE /* NotificationViewController.m */; };
		34587360251DCC6700E3F1FE /* MainInterface.storyboard in Resources */ = {isa = PBXBuildFile; fileRef = 3458735E251DCC6700E3F1FE /* MainInterface.storyboard */; };
		34587364251DCC6700E3F1FE /* UNNotificationContentTest.appex in Embed App Extensions */ = {isa = PBXBuildFile; fileRef = 34587354251DCC6700E3F1FE /* UNNotificationContentTest.appex */; settings = {ATTRIBUTES = (RemoveHeadersOnCopy, ); }; };
		34587379251DCCD700E3F1FE /* NotificationService.m in Sources */ = {isa = PBXBuildFile; fileRef = 34587378251DCCD700E3F1FE /* NotificationService.m */; };
		3458737D251DCCD700E3F1FE /* UNNotificationServiceTest.appex in Embed App Extensions */ = {isa = PBXBuildFile; fileRef = 34587375251DCCD700E3F1FE /* UNNotificationServiceTest.appex */; settings = {ATTRIBUTES = (RemoveHeadersOnCopy, ); }; };
		34B03387251CC71D00C240A0 /* AppDelegate.m in Sources */ = {isa = PBXBuildFile; fileRef = 34B03386251CC71D00C240A0 /* AppDelegate.m */; };
		34B0338A251CC71D00C240A0 /* SceneDelegate.m in Sources */ = {isa = PBXBuildFile; fileRef = 34B03389251CC71D00C240A0 /* SceneDelegate.m */; };
		34B0338D251CC71D00C240A0 /* ViewController.m in Sources */ = {isa = PBXBuildFile; fileRef = 34B0338C251CC71D00C240A0 /* ViewController.m */; };
		34B03390251CC71D00C240A0 /* Main.storyboard in Resources */ = {isa = PBXBuildFile; fileRef = 34B0338E251CC71D00C240A0 /* Main.storyboard */; };
		34B03392251CC71E00C240A0 /* Assets.xcassets in Resources */ = {isa = PBXBuildFile; fileRef = 34B03391251CC71E00C240A0 /* Assets.xcassets */; };
		34B03395251CC71E00C240A0 /* LaunchScreen.storyboard in Resources */ = {isa = PBXBuildFile; fileRef = 34B03393251CC71E00C240A0 /* LaunchScreen.storyboard */; };
		34B03398251CC71E00C240A0 /* main.m in Sources */ = {isa = PBXBuildFile; fileRef = 34B03397251CC71E00C240A0 /* main.m */; };
/* End PBXBuildFile section */

/* Begin PBXContainerItemProxy section */
		34587362251DCC6700E3F1FE /* PBXContainerItemProxy */ = {
			isa = PBXContainerItemProxy;
			containerPortal = 34B0337A251CC71D00C240A0 /* Project object */;
			proxyType = 1;
			remoteGlobalIDString = 34587353251DCC6700E3F1FE;
			remoteInfo = UNNotificationContent;
		};
		3458737B251DCCD700E3F1FE /* PBXContainerItemProxy */ = {
			isa = PBXContainerItemProxy;
			containerPortal = 34B0337A251CC71D00C240A0 /* Project object */;
			proxyType = 1;
			remoteGlobalIDString = 34587374251DCCD700E3F1FE;
			remoteInfo = UNNotificationServiceTest;
		};
/* End PBXContainerItemProxy section */

/* Begin PBXCopyFilesBuildPhase section */
		34587368251DCC6700E3F1FE /* Embed App Extensions */ = {
			isa = PBXCopyFilesBuildPhase;
			buildActionMask = 2147483647;
			dstPath = "";
			dstSubfolderSpec = 13;
			files = (
				3458737D251DCCD700E3F1FE /* UNNotificationServiceTest.appex in Embed App Extensions */,
				34587364251DCC6700E3F1FE /* UNNotificationContentTest.appex in Embed App Extensions */,
			);
			name = "Embed App Extensions";
			runOnlyForDeploymentPostprocessing = 0;
		};
/* End PBXCopyFilesBuildPhase section */

/* Begin PBXFileReference section */
		34587344251D9B6200E3F1FE /* NSString+Notification.h */ = {isa = PBXFileReference; lastKnownFileType = sourcecode.c.h; path = "NSString+Notification.h"; sourceTree = "<group>"; };
		34587345251D9B6200E3F1FE /* NSString+Notification.m */ = {isa = PBXFileReference; lastKnownFileType = sourcecode.c.objc; path = "NSString+Notification.m"; sourceTree = "<group>"; };
		34587349251DA1E900E3F1FE /* NotificationCenterDelegate.h */ = {isa = PBXFileReference; lastKnownFileType = sourcecode.c.h; path = NotificationCenterDelegate.h; sourceTree = "<group>"; };
		3458734A251DA1E900E3F1FE /* NotificationCenterDelegate.m */ = {isa = PBXFileReference; lastKnownFileType = sourcecode.c.objc; path = NotificationCenterDelegate.m; sourceTree = "<group>"; };
		34587354251DCC6700E3F1FE /* UNNotificationContentTest.appex */ = {isa = PBXFileReference; explicitFileType = "wrapper.app-extension"; includeInIndex = 0; path = UNNotificationContentTest.appex; sourceTree = BUILT_PRODUCTS_DIR; };
		34587356251DCC6700E3F1FE /* UserNotifications.framework */ = {isa = PBXFileReference; lastKnownFileType = wrapper.framework; name = UserNotifications.framework; path = System/Library/Frameworks/UserNotifications.framework; sourceTree = SDKROOT; };
		34587358251DCC6700E3F1FE /* UserNotificationsUI.framework */ = {isa = PBXFileReference; lastKnownFileType = wrapper.framework; name = UserNotificationsUI.framework; path = System/Library/Frameworks/UserNotificationsUI.framework; sourceTree = SDKROOT; };
		3458735B251DCC6700E3F1FE /* NotificationViewController.h */ = {isa = PBXFileReference; lastKnownFileType = sourcecode.c.h; path = NotificationViewController.h; sourceTree = "<group>"; };
		3458735C251DCC6700E3F1FE /* NotificationViewController.m */ = {isa = PBXFileReference; lastKnownFileType = sourcecode.c.objc; path = NotificationViewController.m; sourceTree = "<group>"; };
		3458735F251DCC6700E3F1FE /* Base */ = {isa = PBXFileReference; lastKnownFileType = file.storyboard; name = Base; path = Base.lproj/MainInterface.storyboard; sourceTree = "<group>"; };
		34587361251DCC6700E3F1FE /* Info.plist */ = {isa = PBXFileReference; lastKnownFileType = text.plist.xml; path = Info.plist; sourceTree = "<group>"; };
		34587375251DCCD700E3F1FE /* UNNotificationServiceTest.appex */ = {isa = PBXFileReference; explicitFileType = "wrapper.app-extension"; includeInIndex = 0; path = UNNotificationServiceTest.appex; sourceTree = BUILT_PRODUCTS_DIR; };
		34587377251DCCD700E3F1FE /* NotificationService.h */ = {isa = PBXFileReference; lastKnownFileType = sourcecode.c.h; path = NotificationService.h; sourceTree = "<group>"; };
		34587378251DCCD700E3F1FE /* NotificationService.m */ = {isa = PBXFileReference; lastKnownFileType = sourcecode.c.objc; path = NotificationService.m; sourceTree = "<group>"; };
		3458737A251DCCD700E3F1FE /* Info.plist */ = {isa = PBXFileReference; lastKnownFileType = text.plist.xml; path = Info.plist; sourceTree = "<group>"; };
		34B03382251CC71D00C240A0 /* UNNotificationTest.app */ = {isa = PBXFileReference; explicitFileType = wrapper.application; includeInIndex = 0; path = UNNotificationTest.app; sourceTree = BUILT_PRODUCTS_DIR; };
		34B03385251CC71D00C240A0 /* AppDelegate.h */ = {isa = PBXFileReference; lastKnownFileType = sourcecode.c.h; path = AppDelegate.h; sourceTree = "<group>"; };
		34B03386251CC71D00C240A0 /* AppDelegate.m */ = {isa = PBXFileReference; lastKnownFileType = sourcecode.c.objc; path = AppDelegate.m; sourceTree = "<group>"; };
		34B03388251CC71D00C240A0 /* SceneDelegate.h */ = {isa = PBXFileReference; lastKnownFileType = sourcecode.c.h; path = SceneDelegate.h; sourceTree = "<group>"; };
		34B03389251CC71D00C240A0 /* SceneDelegate.m */ = {isa = PBXFileReference; lastKnownFileType = sourcecode.c.objc; path = SceneDelegate.m; sourceTree = "<group>"; };
		34B0338B251CC71D00C240A0 /* ViewController.h */ = {isa = PBXFileReference; lastKnownFileType = sourcecode.c.h; path = ViewController.h; sourceTree = "<group>"; };
		34B0338C251CC71D00C240A0 /* ViewController.m */ = {isa = PBXFileReference; lastKnownFileType = sourcecode.c.objc; path = ViewController.m; sourceTree = "<group>"; };
		34B0338F251CC71D00C240A0 /* Base */ = {isa = PBXFileReference; lastKnownFileType = file.storyboard; name = Base; path = Base.lproj/Main.storyboard; sourceTree = "<group>"; };
		34B03391251CC71E00C240A0 /* Assets.xcassets */ = {isa = PBXFileReference; lastKnownFileType = folder.assetcatalog; path = Assets.xcassets; sourceTree = "<group>"; };
		34B03394251CC71E00C240A0 /* Base */ = {isa = PBXFileReference; lastKnownFileType = file.storyboard; name = Base; path = Base.lproj/LaunchScreen.storyboard; sourceTree = "<group>"; };
		34B03396251CC71E00C240A0 /* Info.plist */ = {isa = PBXFileReference; lastKnownFileType = text.plist.xml; path = Info.plist; sourceTree = "<group>"; };
		34B03397251CC71E00C240A0 /* main.m */ = {isa = PBXFileReference; lastKnownFileType = sourcecode.c.objc; path = main.m; sourceTree = "<group>"; };
/* End PBXFileReference section */

/* Begin PBXFrameworksBuildPhase section */
		34587351251DCC6700E3F1FE /* Frameworks */ = {
			isa = PBXFrameworksBuildPhase;
			buildActionMask = 2147483647;
			files = (
				34587359251DCC6700E3F1FE /* UserNotificationsUI.framework in Frameworks */,
				34587357251DCC6700E3F1FE /* UserNotifications.framework in Frameworks */,
			);
			runOnlyForDeploymentPostprocessing = 0;
		};
		34587372251DCCD700E3F1FE /* Frameworks */ = {
			isa = PBXFrameworksBuildPhase;
			buildActionMask = 2147483647;
			files = (
			);
			runOnlyForDeploymentPostprocessing = 0;
		};
		34B0337F251CC71D00C240A0 /* Frameworks */ = {
			isa = PBXFrameworksBuildPhase;
			buildActionMask = 2147483647;
			files = (
			);
			runOnlyForDeploymentPostprocessing = 0;
		};
/* End PBXFrameworksBuildPhase section */

/* Begin PBXGroup section */
		34587355251DCC6700E3F1FE /* Frameworks */ = {
			isa = PBXGroup;
			children = (
				34587356251DCC6700E3F1FE /* UserNotifications.framework */,
				34587358251DCC6700E3F1FE /* UserNotificationsUI.framework */,
			);
			name = Frameworks;
			sourceTree = "<group>";
		};
		3458735A251DCC6700E3F1FE /* UNNotificationContentTest */ = {
			isa = PBXGroup;
			children = (
				3458735B251DCC6700E3F1FE /* NotificationViewController.h */,
				3458735C251DCC6700E3F1FE /* NotificationViewController.m */,
				3458735E251DCC6700E3F1FE /* MainInterface.storyboard */,
				34587361251DCC6700E3F1FE /* Info.plist */,
			);
			path = UNNotificationContentTest;
			sourceTree = "<group>";
		};
		34587376251DCCD700E3F1FE /* UNNotificationServiceTest */ = {
			isa = PBXGroup;
			children = (
				34587377251DCCD700E3F1FE /* NotificationService.h */,
				34587378251DCCD700E3F1FE /* NotificationService.m */,
				3458737A251DCCD700E3F1FE /* Info.plist */,
			);
			path = UNNotificationServiceTest;
			sourceTree = "<group>";
		};
		34B03379251CC71D00C240A0 = {
			isa = PBXGroup;
			children = (
				34B03384251CC71D00C240A0 /* UNNotificationTest */,
				3458735A251DCC6700E3F1FE /* UNNotificationContentTest */,
				34587376251DCCD700E3F1FE /* UNNotificationServiceTest */,
				34587355251DCC6700E3F1FE /* Frameworks */,
				34B03383251CC71D00C240A0 /* Products */,
			);
			sourceTree = "<group>";
		};
		34B03383251CC71D00C240A0 /* Products */ = {
			isa = PBXGroup;
			children = (
				34B03382251CC71D00C240A0 /* UNNotificationTest.app */,
				34587354251DCC6700E3F1FE /* UNNotificationContentTest.appex */,
				34587375251DCCD700E3F1FE /* UNNotificationServiceTest.appex */,
			);
			name = Products;
			sourceTree = "<group>";
		};
		34B03384251CC71D00C240A0 /* UNNotificationTest */ = {
			isa = PBXGroup;
			children = (
				34B03385251CC71D00C240A0 /* AppDelegate.h */,
				34B03386251CC71D00C240A0 /* AppDelegate.m */,
				34B03388251CC71D00C240A0 /* SceneDelegate.h */,
				34B03389251CC71D00C240A0 /* SceneDelegate.m */,
				34B0338B251CC71D00C240A0 /* ViewController.h */,
				34B0338C251CC71D00C240A0 /* ViewController.m */,
				34587349251DA1E900E3F1FE /* NotificationCenterDelegate.h */,
				3458734A251DA1E900E3F1FE /* NotificationCenterDelegate.m */,
				34587344251D9B6200E3F1FE /* NSString+Notification.h */,
				34587345251D9B6200E3F1FE /* NSString+Notification.m */,
				34B0338E251CC71D00C240A0 /* Main.storyboard */,
				34B03391251CC71E00C240A0 /* Assets.xcassets */,
				34B03393251CC71E00C240A0 /* LaunchScreen.storyboard */,
				34B03396251CC71E00C240A0 /* Info.plist */,
				34B03397251CC71E00C240A0 /* main.m */,
			);
			path = UNNotificationTest;
			sourceTree = "<group>";
		};
/* End PBXGroup section */

/* Begin PBXNativeTarget section */
		34587353251DCC6700E3F1FE /* UNNotificationContentTest */ = {
			isa = PBXNativeTarget;
			buildConfigurationList = 34587365251DCC6700E3F1FE /* Build configuration list for PBXNativeTarget "UNNotificationContentTest" */;
			buildPhases = (
				34587350251DCC6700E3F1FE /* Sources */,
				34587351251DCC6700E3F1FE /* Frameworks */,
				34587352251DCC6700E3F1FE /* Resources */,
			);
			buildRules = (
			);
			dependencies = (
			);
			name = UNNotificationContentTest;
			productName = UNNotificationContent;
			productReference = 34587354251DCC6700E3F1FE /* UNNotificationContentTest.appex */;
			productType = "com.apple.product-type.app-extension";
		};
		34587374251DCCD700E3F1FE /* UNNotificationServiceTest */ = {
			isa = PBXNativeTarget;
			buildConfigurationList = 3458737E251DCCD700E3F1FE /* Build configuration list for PBXNativeTarget "UNNotificationServiceTest" */;
			buildPhases = (
				34587371251DCCD700E3F1FE /* Sources */,
				34587372251DCCD700E3F1FE /* Frameworks */,
				34587373251DCCD700E3F1FE /* Resources */,
			);
			buildRules = (
			);
			dependencies = (
			);
			name = UNNotificationServiceTest;
			productName = UNNotificationServiceTest;
			productReference = 34587375251DCCD700E3F1FE /* UNNotificationServiceTest.appex */;
			productType = "com.apple.product-type.app-extension";
		};
		34B03381251CC71D00C240A0 /* UNNotificationTest */ = {
			isa = PBXNativeTarget;
			buildConfigurationList = 34B0339B251CC71E00C240A0 /* Build configuration list for PBXNativeTarget "UNNotificationTest" */;
			buildPhases = (
				34B0337E251CC71D00C240A0 /* Sources */,
				34B0337F251CC71D00C240A0 /* Frameworks */,
				34B03380251CC71D00C240A0 /* Resources */,
				34587368251DCC6700E3F1FE /* Embed App Extensions */,
			);
			buildRules = (
			);
			dependencies = (
				34587363251DCC6700E3F1FE /* PBXTargetDependency */,
				3458737C251DCCD700E3F1FE /* PBXTargetDependency */,
			);
			name = UNNotificationTest;
			productName = UNNotificationTest;
			productReference = 34B03382251CC71D00C240A0 /* UNNotificationTest.app */;
			productType = "com.apple.product-type.application";
		};
/* End PBXNativeTarget section */

/* Begin PBXProject section */
		34B0337A251CC71D00C240A0 /* Project object */ = {
			isa = PBXProject;
			attributes = {
				LastUpgradeCheck = 1200;
				TargetAttributes = {
					34587353251DCC6700E3F1FE = {
						CreatedOnToolsVersion = 12.0;
					};
					34587374251DCCD700E3F1FE = {
						CreatedOnToolsVersion = 12.0;
					};
					34B03381251CC71D00C240A0 = {
						CreatedOnToolsVersion = 12.0;
					};
				};
			};
			buildConfigurationList = 34B0337D251CC71D00C240A0 /* Build configuration list for PBXProject "UNNotificationTest" */;
			compatibilityVersion = "Xcode 9.3";
			developmentRegion = en;
			hasScannedForEncodings = 0;
			knownRegions = (
				en,
				Base,
			);
			mainGroup = 34B03379251CC71D00C240A0;
			productRefGroup = 34B03383251CC71D00C240A0 /* Products */;
			projectDirPath = "";
			projectRoot = "";
			targets = (
				34B03381251CC71D00C240A0 /* UNNotificationTest */,
				34587353251DCC6700E3F1FE /* UNNotificationContentTest */,
				34587374251DCCD700E3F1FE /* UNNotificationServiceTest */,
			);
		};
/* End PBXProject section */

/* Begin PBXResourcesBuildPhase section */
		34587352251DCC6700E3F1FE /* Resources */ = {
			isa = PBXResourcesBuildPhase;
			buildActionMask = 2147483647;
			files = (
				34587360251DCC6700E3F1FE /* MainInterface.storyboard in Resources */,
			);
			runOnlyForDeploymentPostprocessing = 0;
		};
		34587373251DCCD700E3F1FE /* Resources */ = {
			isa = PBXResourcesBuildPhase;
			buildActionMask = 2147483647;
			files = (
			);
			runOnlyForDeploymentPostprocessing = 0;
		};
		34B03380251CC71D00C240A0 /* Resources */ = {
			isa = PBXResourcesBuildPhase;
			buildActionMask = 2147483647;
			files = (
				34B03395251CC71E00C240A0 /* LaunchScreen.storyboard in Resources */,
				34B03392251CC71E00C240A0 /* Assets.xcassets in Resources */,
				34B03390251CC71D00C240A0 /* Main.storyboard in Resources */,
			);
			runOnlyForDeploymentPostprocessing = 0;
		};
/* End PBXResourcesBuildPhase section */

/* Begin PBXSourcesBuildPhase section */
		34587350251DCC6700E3F1FE /* Sources */ = {
			isa = PBXSourcesBuildPhase;
			buildActionMask = 2147483647;
			files = (
				3458735D251DCC6700E3F1FE /* NotificationViewController.m in Sources */,
			);
			runOnlyForDeploymentPostprocessing = 0;
		};
		34587371251DCCD700E3F1FE /* Sources */ = {
			isa = PBXSourcesBuildPhase;
			buildActionMask = 2147483647;
			files = (
				34587379251DCCD700E3F1FE /* NotificationService.m in Sources */,
			);
			runOnlyForDeploymentPostprocessing = 0;
		};
		34B0337E251CC71D00C240A0 /* Sources */ = {
			isa = PBXSourcesBuildPhase;
			buildActionMask = 2147483647;
			files = (
				34B0338D251CC71D00C240A0 /* ViewController.m in Sources */,
				34B03387251CC71D00C240A0 /* AppDelegate.m in Sources */,
				34587346251D9B6200E3F1FE /* NSString+Notification.m in Sources */,
				34B03398251CC71E00C240A0 /* main.m in Sources */,
				3458734B251DA1E900E3F1FE /* NotificationCenterDelegate.m in Sources */,
				34B0338A251CC71D00C240A0 /* SceneDelegate.m in Sources */,
			);
			runOnlyForDeploymentPostprocessing = 0;
		};
/* End PBXSourcesBuildPhase section */

/* Begin PBXTargetDependency section */
		34587363251DCC6700E3F1FE /* PBXTargetDependency */ = {
			isa = PBXTargetDependency;
			target = 34587353251DCC6700E3F1FE /* UNNotificationContentTest */;
			targetProxy = 34587362251DCC6700E3F1FE /* PBXContainerItemProxy */;
		};
		3458737C251DCCD700E3F1FE /* PBXTargetDependency */ = {
			isa = PBXTargetDependency;
			target = 34587374251DCCD700E3F1FE /* UNNotificationServiceTest */;
			targetProxy = 3458737B251DCCD700E3F1FE /* PBXContainerItemProxy */;
		};
/* End PBXTargetDependency section */

/* Begin PBXVariantGroup section */
		3458735E251DCC6700E3F1FE /* MainInterface.storyboard */ = {
			isa = PBXVariantGroup;
			children = (
				3458735F251DCC6700E3F1FE /* Base */,
			);
			name = MainInterface.storyboard;
			sourceTree = "<group>";
		};
		34B0338E251CC71D00C240A0 /* Main.storyboard */ = {
			isa = PBXVariantGroup;
			children = (
				34B0338F251CC71D00C240A0 /* Base */,
			);
			name = Main.storyboard;
			sourceTree = "<group>";
		};
		34B03393251CC71E00C240A0 /* LaunchScreen.storyboard */ = {
			isa = PBXVariantGroup;
			children = (
				34B03394251CC71E00C240A0 /* Base */,
			);
			name = LaunchScreen.storyboard;
			sourceTree = "<group>";
		};
/* End PBXVariantGroup section */

/* Begin XCBuildConfiguration section */
		34587366251DCC6700E3F1FE /* Debug */ = {
			isa = XCBuildConfiguration;
			buildSettings = {
				CODE_SIGN_STYLE = Automatic;
				DEVELOPMENT_TEAM = V65YCRQZ2M;
				INFOPLIST_FILE = UNNotificationContentTest/Info.plist;
				LD_RUNPATH_SEARCH_PATHS = (
					"$(inherited)",
					"@executable_path/Frameworks",
					"@executable_path/../../Frameworks",
				);
				PRODUCT_BUNDLE_IDENTIFIER = com.lzhenhong.UNNotificationTest.UNNotificationContentTest;
				PRODUCT_NAME = "$(TARGET_NAME)";
				SKIP_INSTALL = YES;
				TARGETED_DEVICE_FAMILY = "1,2";
			};
			name = Debug;
		};
		34587367251DCC6700E3F1FE /* Release */ = {
			isa = XCBuildConfiguration;
			buildSettings = {
				CODE_SIGN_STYLE = Automatic;
				DEVELOPMENT_TEAM = V65YCRQZ2M;
				INFOPLIST_FILE = UNNotificationContentTest/Info.plist;
				LD_RUNPATH_SEARCH_PATHS = (
					"$(inherited)",
					"@executable_path/Frameworks",
					"@executable_path/../../Frameworks",
				);
				PRODUCT_BUNDLE_IDENTIFIER = com.lzhenhong.UNNotificationTest.UNNotificationContentTest;
				PRODUCT_NAME = "$(TARGET_NAME)";
				SKIP_INSTALL = YES;
				TARGETED_DEVICE_FAMILY = "1,2";
			};
			name = Release;
		};
		3458737F251DCCD700E3F1FE /* Debug */ = {
			isa = XCBuildConfiguration;
			buildSettings = {
				CODE_SIGN_STYLE = Automatic;
				DEVELOPMENT_TEAM = V65YCRQZ2M;
				INFOPLIST_FILE = UNNotificationServiceTest/Info.plist;
				LD_RUNPATH_SEARCH_PATHS = (
					"$(inherited)",
					"@executable_path/Frameworks",
					"@executable_path/../../Frameworks",
				);
				PRODUCT_BUNDLE_IDENTIFIER = com.lzhenhong.UNNotificationTest.UNNotificationServiceTest;
				PRODUCT_NAME = "$(TARGET_NAME)";
				SKIP_INSTALL = YES;
				TARGETED_DEVICE_FAMILY = "1,2";
			};
			name = Debug;
		};
		34587380251DCCD700E3F1FE /* Release */ = {
			isa = XCBuildConfiguration;
			buildSettings = {
				CODE_SIGN_STYLE = Automatic;
				DEVELOPMENT_TEAM = V65YCRQZ2M;
				INFOPLIST_FILE = UNNotificationServiceTest/Info.plist;
				LD_RUNPATH_SEARCH_PATHS = (
					"$(inherited)",
					"@executable_path/Frameworks",
					"@executable_path/../../Frameworks",
				);
				PRODUCT_BUNDLE_IDENTIFIER = com.lzhenhong.UNNotificationTest.UNNotificationServiceTest;
				PRODUCT_NAME = "$(TARGET_NAME)";
				SKIP_INSTALL = YES;
				TARGETED_DEVICE_FAMILY = "1,2";
			};
			name = Release;
		};
		34B03399251CC71E00C240A0 /* Debug */ = {
			isa = XCBuildConfiguration;
			buildSettings = {
				ALWAYS_SEARCH_USER_PATHS = NO;
				CLANG_ANALYZER_NONNULL = YES;
				CLANG_ANALYZER_NUMBER_OBJECT_CONVERSION = YES_AGGRESSIVE;
				CLANG_CXX_LANGUAGE_STANDARD = "gnu++14";
				CLANG_CXX_LIBRARY = "libc++";
				CLANG_ENABLE_MODULES = YES;
				CLANG_ENABLE_OBJC_ARC = YES;
				CLANG_ENABLE_OBJC_WEAK = YES;
				CLANG_WARN_BLOCK_CAPTURE_AUTORELEASING = YES;
				CLANG_WARN_BOOL_CONVERSION = YES;
				CLANG_WARN_COMMA = YES;
				CLANG_WARN_CONSTANT_CONVERSION = YES;
				CLANG_WARN_DEPRECATED_OBJC_IMPLEMENTATIONS = YES;
				CLANG_WARN_DIRECT_OBJC_ISA_USAGE = YES_ERROR;
				CLANG_WARN_DOCUMENTATION_COMMENTS = YES;
				CLANG_WARN_EMPTY_BODY = YES;
				CLANG_WARN_ENUM_CONVERSION = YES;
				CLANG_WARN_INFINITE_RECURSION = YES;
				CLANG_WARN_INT_CONVERSION = YES;
				CLANG_WARN_NON_LITERAL_NULL_CONVERSION = YES;
				CLANG_WARN_OBJC_IMPLICIT_RETAIN_SELF = YES;
				CLANG_WARN_OBJC_LITERAL_CONVERSION = YES;
				CLANG_WARN_OBJC_ROOT_CLASS = YES_ERROR;
				CLANG_WARN_QUOTED_INCLUDE_IN_FRAMEWORK_HEADER = YES;
				CLANG_WARN_RANGE_LOOP_ANALYSIS = YES;
				CLANG_WARN_STRICT_PROTOTYPES = YES;
				CLANG_WARN_SUSPICIOUS_MOVE = YES;
				CLANG_WARN_UNGUARDED_AVAILABILITY = YES_AGGRESSIVE;
				CLANG_WARN_UNREACHABLE_CODE = YES;
				CLANG_WARN__DUPLICATE_METHOD_MATCH = YES;
				COPY_PHASE_STRIP = NO;
				DEBUG_INFORMATION_FORMAT = dwarf;
				ENABLE_STRICT_OBJC_MSGSEND = YES;
				ENABLE_TESTABILITY = YES;
				GCC_C_LANGUAGE_STANDARD = gnu11;
				GCC_DYNAMIC_NO_PIC = NO;
				GCC_NO_COMMON_BLOCKS = YES;
				GCC_OPTIMIZATION_LEVEL = 0;
				GCC_PREPROCESSOR_DEFINITIONS = (
					"DEBUG=1",
					"$(inherited)",
				);
				GCC_WARN_64_TO_32_BIT_CONVERSION = YES;
				GCC_WARN_ABOUT_RETURN_TYPE = YES_ERROR;
				GCC_WARN_UNDECLARED_SELECTOR = YES;
				GCC_WARN_UNINITIALIZED_AUTOS = YES_AGGRESSIVE;
				GCC_WARN_UNUSED_FUNCTION = YES;
				GCC_WARN_UNUSED_VARIABLE = YES;
				IPHONEOS_DEPLOYMENT_TARGET = 14.0;
				MTL_ENABLE_DEBUG_INFO = INCLUDE_SOURCE;
				MTL_FAST_MATH = YES;
				ONLY_ACTIVE_ARCH = YES;
				SDKROOT = iphoneos;
			};
			name = Debug;
		};
		34B0339A251CC71E00C240A0 /* Release */ = {
			isa = XCBuildConfiguration;
			buildSettings = {
				ALWAYS_SEARCH_USER_PATHS = NO;
				CLANG_ANALYZER_NONNULL = YES;
				CLANG_ANALYZER_NUMBER_OBJECT_CONVERSION = YES_AGGRESSIVE;
				CLANG_CXX_LANGUAGE_STANDARD = "gnu++14";
				CLANG_CXX_LIBRARY = "libc++";
				CLANG_ENABLE_MODULES = YES;
				CLANG_ENABLE_OBJC_ARC = YES;
				CLANG_ENABLE_OBJC_WEAK = YES;
				CLANG_WARN_BLOCK_CAPTURE_AUTORELEASING = YES;
				CLANG_WARN_BOOL_CONVERSION = YES;
				CLANG_WARN_COMMA = YES;
				CLANG_WARN_CONSTANT_CONVERSION = YES;
				CLANG_WARN_DEPRECATED_OBJC_IMPLEMENTATIONS = YES;
				CLANG_WARN_DIRECT_OBJC_ISA_USAGE = YES_ERROR;
				CLANG_WARN_DOCUMENTATION_COMMENTS = YES;
				CLANG_WARN_EMPTY_BODY = YES;
				CLANG_WARN_ENUM_CONVERSION = YES;
				CLANG_WARN_INFINITE_RECURSION = YES;
				CLANG_WARN_INT_CONVERSION = YES;
				CLANG_WARN_NON_LITERAL_NULL_CONVERSION = YES;
				CLANG_WARN_OBJC_IMPLICIT_RETAIN_SELF = YES;
				CLANG_WARN_OBJC_LITERAL_CONVERSION = YES;
				CLANG_WARN_OBJC_ROOT_CLASS = YES_ERROR;
				CLANG_WARN_QUOTED_INCLUDE_IN_FRAMEWORK_HEADER = YES;
				CLANG_WARN_RANGE_LOOP_ANALYSIS = YES;
				CLANG_WARN_STRICT_PROTOTYPES = YES;
				CLANG_WARN_SUSPICIOUS_MOVE = YES;
				CLANG_WARN_UNGUARDED_AVAILABILITY = YES_AGGRESSIVE;
				CLANG_WARN_UNREACHABLE_CODE = YES;
				CLANG_WARN__DUPLICATE_METHOD_MATCH = YES;
				COPY_PHASE_STRIP = NO;
				DEBUG_INFORMATION_FORMAT = "dwarf-with-dsym";
				ENABLE_NS_ASSERTIONS = NO;
				ENABLE_STRICT_OBJC_MSGSEND = YES;
				GCC_C_LANGUAGE_STANDARD = gnu11;
				GCC_NO_COMMON_BLOCKS = YES;
				GCC_WARN_64_TO_32_BIT_CONVERSION = YES;
				GCC_WARN_ABOUT_RETURN_TYPE = YES_ERROR;
				GCC_WARN_UNDECLARED_SELECTOR = YES;
				GCC_WARN_UNINITIALIZED_AUTOS = YES_AGGRESSIVE;
				GCC_WARN_UNUSED_FUNCTION = YES;
				GCC_WARN_UNUSED_VARIABLE = YES;
				IPHONEOS_DEPLOYMENT_TARGET = 14.0;
				MTL_ENABLE_DEBUG_INFO = NO;
				MTL_FAST_MATH = YES;
				SDKROOT = iphoneos;
				VALIDATE_PRODUCT = YES;
			};
			name = Release;
		};
		34B0339C251CC71E00C240A0 /* Debug */ = {
			isa = XCBuildConfiguration;
			buildSettings = {
				ASSETCATALOG_COMPILER_APPICON_NAME = AppIcon;
				ASSETCATALOG_COMPILER_GLOBAL_ACCENT_COLOR_NAME = AccentColor;
				CODE_SIGN_STYLE = Automatic;
				DEVELOPMENT_TEAM = V65YCRQZ2M;
				INFOPLIST_FILE = UNNotificationTest/Info.plist;
				LD_RUNPATH_SEARCH_PATHS = (
					"$(inherited)",
					"@executable_path/Frameworks",
				);
				PRODUCT_BUNDLE_IDENTIFIER = com.lzhenhong.UNNotificationTest;
				PRODUCT_NAME = "$(TARGET_NAME)";
				TARGETED_DEVICE_FAMILY = "1,2";
			};
			name = Debug;
		};
		34B0339D251CC71E00C240A0 /* Release */ = {
			isa = XCBuildConfiguration;
			buildSettings = {
				ASSETCATALOG_COMPILER_APPICON_NAME = AppIcon;
				ASSETCATALOG_COMPILER_GLOBAL_ACCENT_COLOR_NAME = AccentColor;
				CODE_SIGN_STYLE = Automatic;
				DEVELOPMENT_TEAM = V65YCRQZ2M;
				INFOPLIST_FILE = UNNotificationTest/Info.plist;
				LD_RUNPATH_SEARCH_PATHS = (
					"$(inherited)",
					"@executable_path/Frameworks",
				);
				PRODUCT_BUNDLE_IDENTIFIER = com.lzhenhong.UNNotificationTest;
				PRODUCT_NAME = "$(TARGET_NAME)";
				TARGETED_DEVICE_FAMILY = "1,2";
			};
			name = Release;
		};
/* End XCBuildConfiguration section */

/* Begin XCConfigurationList section */
		34587365251DCC6700E3F1FE /* Build configuration list for PBXNativeTarget "UNNotificationContentTest" */ = {
			isa = XCConfigurationList;
			buildConfigurations = (
				34587366251DCC6700E3F1FE /* Debug */,
				34587367251DCC6700E3F1FE /* Release */,
			);
			defaultConfigurationIsVisible = 0;
			defaultConfigurationName = Release;
		};
		3458737E251DCCD700E3F1FE /* Build configuration list for PBXNativeTarget "UNNotificationServiceTest" */ = {
			isa = XCConfigurationList;
			buildConfigurations = (
				3458737F251DCCD700E3F1FE /* Debug */,
				34587380251DCCD700E3F1FE /* Release */,
			);
			defaultConfigurationIsVisible = 0;
			defaultConfigurationName = Release;
		};
		34B0337D251CC71D00C240A0 /* Build configuration list for PBXProject "UNNotificationTest" */ = {
			isa = XCConfigurationList;
			buildConfigurations = (
				34B03399251CC71E00C240A0 /* Debug */,
				34B0339A251CC71E00C240A0 /* Release */,
			);
			defaultConfigurationIsVisible = 0;
			defaultConfigurationName = Release;
		};
		34B0339B251CC71E00C240A0 /* Build configuration list for PBXNativeTarget "UNNotificationTest" */ = {
			isa = XCConfigurationList;
			buildConfigurations = (
				34B0339C251CC71E00C240A0 /* Debug */,
				34B0339D251CC71E00C240A0 /* Release */,
			);
			defaultConfigurationIsVisible = 0;
			defaultConfigurationName = Release;
		};
/* End XCConfigurationList section */
	};
	rootObject = 34B0337A251CC71D00C240A0 /* Project object */;
}
