// !$*UTF8*$!
{
	archiveVersion = 1;
	classes = {
	};
	objectVersion = 50;
	objects = {

/* Begin PBXBuildFile section */
		345D16F625A0F8630069D074 /* BadgeSupplementaryView.m in Sources */ = {isa = PBXBuildFile; fileRef = 345D16F525A0F8630069D074 /* BadgeSupplementaryView.m */; };
		345D16FB25A19A310069D074 /* UICollectionSupplementaryViewController.m in Sources */ = {isa = PBXBuildFile; fileRef = 345D16FA25A19A310069D074 /* UICollectionSupplementaryViewController.m */; };
		34909863256D5E7C00D5D861 /* AppDelegate.m in Sources */ = {isa = PBXBuildFile; fileRef = 34909862256D5E7C00D5D861 /* AppDelegate.m */; };
		34909866256D5E7C00D5D861 /* SceneDelegate.m in Sources */ = {isa = PBXBuildFile; fileRef = 34909865256D5E7C00D5D861 /* SceneDelegate.m */; };
		34909869256D5E7C00D5D861 /* ViewController.m in Sources */ = {isa = PBXBuildFile; fileRef = 34909868256D5E7C00D5D861 /* ViewController.m */; };
		3490986C256D5E7C00D5D861 /* Main.storyboard in Resources */ = {isa = PBXBuildFile; fileRef = 3490986A256D5E7C00D5D861 /* Main.storyboard */; };
		3490986E256D5E8000D5D861 /* Assets.xcassets in Resources */ = {isa = PBXBuildFile; fileRef = 3490986D256D5E8000D5D861 /* Assets.xcassets */; };
		34909871256D5E8000D5D861 /* LaunchScreen.storyboard in Resources */ = {isa = PBXBuildFile; fileRef = 3490986F256D5E8000D5D861 /* LaunchScreen.storyboard */; };
		34909874256D5E8000D5D861 /* main.m in Sources */ = {isa = PBXBuildFile; fileRef = 34909873256D5E8000D5D861 /* main.m */; };
		F2A40961258F7F8100A071DC /* UICollectionTableViewController.m in Sources */ = {isa = PBXBuildFile; fileRef = F2A40960258F7F8100A071DC /* UICollectionTableViewController.m */; };
		F2C10BE325919B930062CF86 /* UICollectionGridViewController.m in Sources */ = {isa = PBXBuildFile; fileRef = F2C10BE225919B930062CF86 /* UICollectionGridViewController.m */; };
		F2C10BE72591A6390062CF86 /* TextCollectionViewCell.m in Sources */ = {isa = PBXBuildFile; fileRef = F2C10BE62591A6390062CF86 /* TextCollectionViewCell.m */; };
		F2C10BEC2591C7150062CF86 /* UICollectionTwoColumnViewController.m in Sources */ = {isa = PBXBuildFile; fileRef = F2C10BEB2591C7150062CF86 /* UICollectionTwoColumnViewController.m */; };
		F2C10BF1259309CD0062CF86 /* UICollectionDistinctLayoutsViewController.m in Sources */ = {isa = PBXBuildFile; fileRef = F2C10BF0259309CD0062CF86 /* UICollectionDistinctLayoutsViewController.m */; };
/* End PBXBuildFile section */

/* Begin PBXFileReference section */
		345D16F425A0F8630069D074 /* BadgeSupplementaryView.h */ = {isa = PBXFileReference; lastKnownFileType = sourcecode.c.h; path = BadgeSupplementaryView.h; sourceTree = "<group>"; };
		345D16F525A0F8630069D074 /* BadgeSupplementaryView.m */ = {isa = PBXFileReference; lastKnownFileType = sourcecode.c.objc; path = BadgeSupplementaryView.m; sourceTree = "<group>"; };
		345D16F925A19A310069D074 /* UICollectionSupplementaryViewController.h */ = {isa = PBXFileReference; lastKnownFileType = sourcecode.c.h; path = UICollectionSupplementaryViewController.h; sourceTree = "<group>"; };
		345D16FA25A19A310069D074 /* UICollectionSupplementaryViewController.m */ = {isa = PBXFileReference; lastKnownFileType = sourcecode.c.objc; path = UICollectionSupplementaryViewController.m; sourceTree = "<group>"; };
		3490985E256D5E7C00D5D861 /* UICollectionViewExample.app */ = {isa = PBXFileReference; explicitFileType = wrapper.application; includeInIndex = 0; path = UICollectionViewExample.app; sourceTree = BUILT_PRODUCTS_DIR; };
		34909861256D5E7C00D5D861 /* AppDelegate.h */ = {isa = PBXFileReference; lastKnownFileType = sourcecode.c.h; path = AppDelegate.h; sourceTree = "<group>"; };
		34909862256D5E7C00D5D861 /* AppDelegate.m */ = {isa = PBXFileReference; lastKnownFileType = sourcecode.c.objc; path = AppDelegate.m; sourceTree = "<group>"; };
		34909864256D5E7C00D5D861 /* SceneDelegate.h */ = {isa = PBXFileReference; lastKnownFileType = sourcecode.c.h; path = SceneDelegate.h; sourceTree = "<group>"; };
		34909865256D5E7C00D5D861 /* SceneDelegate.m */ = {isa = PBXFileReference; lastKnownFileType = sourcecode.c.objc; path = SceneDelegate.m; sourceTree = "<group>"; };
		34909867256D5E7C00D5D861 /* ViewController.h */ = {isa = PBXFileReference; lastKnownFileType = sourcecode.c.h; path = ViewController.h; sourceTree = "<group>"; };
		34909868256D5E7C00D5D861 /* ViewController.m */ = {isa = PBXFileReference; lastKnownFileType = sourcecode.c.objc; path = ViewController.m; sourceTree = "<group>"; };
		3490986B256D5E7C00D5D861 /* Base */ = {isa = PBXFileReference; lastKnownFileType = file.storyboard; name = Base; path = Base.lproj/Main.storyboard; sourceTree = "<group>"; };
		3490986D256D5E8000D5D861 /* Assets.xcassets */ = {isa = PBXFileReference; lastKnownFileType = folder.assetcatalog; path = Assets.xcassets; sourceTree = "<group>"; };
		34909870256D5E8000D5D861 /* Base */ = {isa = PBXFileReference; lastKnownFileType = file.storyboard; name = Base; path = Base.lproj/LaunchScreen.storyboard; sourceTree = "<group>"; };
		34909872256D5E8000D5D861 /* Info.plist */ = {isa = PBXFileReference; lastKnownFileType = text.plist.xml; path = Info.plist; sourceTree = "<group>"; };
		34909873256D5E8000D5D861 /* main.m */ = {isa = PBXFileReference; lastKnownFileType = sourcecode.c.objc; path = main.m; sourceTree = "<group>"; };
		F2A4095F258F7F8100A071DC /* UICollectionTableViewController.h */ = {isa = PBXFileReference; lastKnownFileType = sourcecode.c.h; path = UICollectionTableViewController.h; sourceTree = "<group>"; };
		F2A40960258F7F8100A071DC /* UICollectionTableViewController.m */ = {isa = PBXFileReference; lastKnownFileType = sourcecode.c.objc; path = UICollectionTableViewController.m; sourceTree = "<group>"; };
		F2C10BE125919B930062CF86 /* UICollectionGridViewController.h */ = {isa = PBXFileReference; lastKnownFileType = sourcecode.c.h; path = UICollectionGridViewController.h; sourceTree = "<group>"; };
		F2C10BE225919B930062CF86 /* UICollectionGridViewController.m */ = {isa = PBXFileReference; lastKnownFileType = sourcecode.c.objc; path = UICollectionGridViewController.m; sourceTree = "<group>"; };
		F2C10BE52591A6390062CF86 /* TextCollectionViewCell.h */ = {isa = PBXFileReference; lastKnownFileType = sourcecode.c.h; path = TextCollectionViewCell.h; sourceTree = "<group>"; };
		F2C10BE62591A6390062CF86 /* TextCollectionViewCell.m */ = {isa = PBXFileReference; lastKnownFileType = sourcecode.c.objc; path = TextCollectionViewCell.m; sourceTree = "<group>"; };
		F2C10BEA2591C7150062CF86 /* UICollectionTwoColumnViewController.h */ = {isa = PBXFileReference; lastKnownFileType = sourcecode.c.h; path = UICollectionTwoColumnViewController.h; sourceTree = "<group>"; };
		F2C10BEB2591C7150062CF86 /* UICollectionTwoColumnViewController.m */ = {isa = PBXFileReference; lastKnownFileType = sourcecode.c.objc; path = UICollectionTwoColumnViewController.m; sourceTree = "<group>"; };
		F2C10BEF259309CD0062CF86 /* UICollectionDistinctLayoutsViewController.h */ = {isa = PBXFileReference; lastKnownFileType = sourcecode.c.h; path = UICollectionDistinctLayoutsViewController.h; sourceTree = "<group>"; };
		F2C10BF0259309CD0062CF86 /* UICollectionDistinctLayoutsViewController.m */ = {isa = PBXFileReference; lastKnownFileType = sourcecode.c.objc; path = UICollectionDistinctLayoutsViewController.m; sourceTree = "<group>"; };
/* End PBXFileReference section */

/* Begin PBXFrameworksBuildPhase section */
		3490985B256D5E7C00D5D861 /* Frameworks */ = {
			isa = PBXFrameworksBuildPhase;
			buildActionMask = 2147483647;
			files = (
			);
			runOnlyForDeploymentPostprocessing = 0;
		};
/* End PBXFrameworksBuildPhase section */

/* Begin PBXGroup section */
		34909855256D5E7C00D5D861 = {
			isa = PBXGroup;
			children = (
				34909860256D5E7C00D5D861 /* UICollectionViewExample */,
				3490985F256D5E7C00D5D861 /* Products */,
			);
			sourceTree = "<group>";
		};
		3490985F256D5E7C00D5D861 /* Products */ = {
			isa = PBXGroup;
			children = (
				3490985E256D5E7C00D5D861 /* UICollectionViewExample.app */,
			);
			name = Products;
			sourceTree = "<group>";
		};
		34909860256D5E7C00D5D861 /* UICollectionViewExample */ = {
			isa = PBXGroup;
			children = (
				34909861256D5E7C00D5D861 /* AppDelegate.h */,
				34909862256D5E7C00D5D861 /* AppDelegate.m */,
				34909864256D5E7C00D5D861 /* SceneDelegate.h */,
				34909865256D5E7C00D5D861 /* SceneDelegate.m */,
				34909867256D5E7C00D5D861 /* ViewController.h */,
				34909868256D5E7C00D5D861 /* ViewController.m */,
				F2A4095F258F7F8100A071DC /* UICollectionTableViewController.h */,
				F2A40960258F7F8100A071DC /* UICollectionTableViewController.m */,
				F2C10BE125919B930062CF86 /* UICollectionGridViewController.h */,
				F2C10BE225919B930062CF86 /* UICollectionGridViewController.m */,
				F2C10BEA2591C7150062CF86 /* UICollectionTwoColumnViewController.h */,
				F2C10BEB2591C7150062CF86 /* UICollectionTwoColumnViewController.m */,
				F2C10BEF259309CD0062CF86 /* UICollectionDistinctLayoutsViewController.h */,
				F2C10BF0259309CD0062CF86 /* UICollectionDistinctLayoutsViewController.m */,
				345D16F925A19A310069D074 /* UICollectionSupplementaryViewController.h */,
				345D16FA25A19A310069D074 /* UICollectionSupplementaryViewController.m */,
				F2C10BE52591A6390062CF86 /* TextCollectionViewCell.h */,
				F2C10BE62591A6390062CF86 /* TextCollectionViewCell.m */,
				345D16F425A0F8630069D074 /* BadgeSupplementaryView.h */,
				345D16F525A0F8630069D074 /* BadgeSupplementaryView.m */,
				3490986A256D5E7C00D5D861 /* Main.storyboard */,
				3490986D256D5E8000D5D861 /* Assets.xcassets */,
				3490986F256D5E8000D5D861 /* LaunchScreen.storyboard */,
				34909872256D5E8000D5D861 /* Info.plist */,
				34909873256D5E8000D5D861 /* main.m */,
			);
			path = UICollectionViewExample;
			sourceTree = "<group>";
		};
/* End PBXGroup section */

/* Begin PBXNativeTarget section */
		3490985D256D5E7C00D5D861 /* UICollectionViewExample */ = {
			isa = PBXNativeTarget;
			buildConfigurationList = 3490988D256D5E8100D5D861 /* Build configuration list for PBXNativeTarget "UICollectionViewExample" */;
			buildPhases = (
				3490985A256D5E7C00D5D861 /* Sources */,
				3490985B256D5E7C00D5D861 /* Frameworks */,
				3490985C256D5E7C00D5D861 /* Resources */,
			);
			buildRules = (
			);
			dependencies = (
			);
			name = UICollectionViewExample;
			productName = UICollectionViewExample;
			productReference = 3490985E256D5E7C00D5D861 /* UICollectionViewExample.app */;
			productType = "com.apple.product-type.application";
		};
/* End PBXNativeTarget section */

/* Begin PBXProject section */
		34909856256D5E7C00D5D861 /* Project object */ = {
			isa = PBXProject;
			attributes = {
				LastUpgradeCheck = 1220;
				TargetAttributes = {
					3490985D256D5E7C00D5D861 = {
						CreatedOnToolsVersion = 12.2;
					};
				};
			};
			buildConfigurationList = 34909859256D5E7C00D5D861 /* Build configuration list for PBXProject "UICollectionViewExample" */;
			compatibilityVersion = "Xcode 9.3";
			developmentRegion = en;
			hasScannedForEncodings = 0;
			knownRegions = (
				en,
				Base,
			);
			mainGroup = 34909855256D5E7C00D5D861;
			productRefGroup = 3490985F256D5E7C00D5D861 /* Products */;
			projectDirPath = "";
			projectRoot = "";
			targets = (
				3490985D256D5E7C00D5D861 /* UICollectionViewExample */,
			);
		};
/* End PBXProject section */

/* Begin PBXResourcesBuildPhase section */
		3490985C256D5E7C00D5D861 /* Resources */ = {
			isa = PBXResourcesBuildPhase;
			buildActionMask = 2147483647;
			files = (
				34909871256D5E8000D5D861 /* LaunchScreen.storyboard in Resources */,
				3490986E256D5E8000D5D861 /* Assets.xcassets in Resources */,
				3490986C256D5E7C00D5D861 /* Main.storyboard in Resources */,
			);
			runOnlyForDeploymentPostprocessing = 0;
		};
/* End PBXResourcesBuildPhase section */

/* Begin PBXSourcesBuildPhase section */
		3490985A256D5E7C00D5D861 /* Sources */ = {
			isa = PBXSourcesBuildPhase;
			buildActionMask = 2147483647;
			files = (
				F2C10BE325919B930062CF86 /* UICollectionGridViewController.m in Sources */,
				F2C10BEC2591C7150062CF86 /* UICollectionTwoColumnViewController.m in Sources */,
				34909869256D5E7C00D5D861 /* ViewController.m in Sources */,
				F2C10BE72591A6390062CF86 /* TextCollectionViewCell.m in Sources */,
				345D16F625A0F8630069D074 /* BadgeSupplementaryView.m in Sources */,
				F2C10BF1259309CD0062CF86 /* UICollectionDistinctLayoutsViewController.m in Sources */,
				34909863256D5E7C00D5D861 /* AppDelegate.m in Sources */,
				34909874256D5E8000D5D861 /* main.m in Sources */,
				34909866256D5E7C00D5D861 /* SceneDelegate.m in Sources */,
				345D16FB25A19A310069D074 /* UICollectionSupplementaryViewController.m in Sources */,
				F2A40961258F7F8100A071DC /* UICollectionTableViewController.m in Sources */,
			);
			runOnlyForDeploymentPostprocessing = 0;
		};
/* End PBXSourcesBuildPhase section */

/* Begin PBXVariantGroup section */
		3490986A256D5E7C00D5D861 /* Main.storyboard */ = {
			isa = PBXVariantGroup;
			children = (
				3490986B256D5E7C00D5D861 /* Base */,
			);
			name = Main.storyboard;
			sourceTree = "<group>";
		};
		3490986F256D5E8000D5D861 /* LaunchScreen.storyboard */ = {
			isa = PBXVariantGroup;
			children = (
				34909870256D5E8000D5D861 /* Base */,
			);
			name = LaunchScreen.storyboard;
			sourceTree = "<group>";
		};
/* End PBXVariantGroup section */

/* Begin XCBuildConfiguration section */
		3490988B256D5E8100D5D861 /* Debug */ = {
			isa = XCBuildConfiguration;
			buildSettings = {
				ALWAYS_SEARCH_USER_PATHS = NO;
				CLANG_ANALYZER_NONNULL = YES;
				CLANG_ANALYZER_NUMBER_OBJECT_CONVERSION = YES_AGGRESSIVE;
				CLANG_CXX_LANGUAGE_STANDARD = "gnu++14";
				CLANG_CXX_LIBRARY = "libc++";
				CLANG_ENABLE_MODULES = YES;
				CLANG_ENABLE_OBJC_ARC = YES;
				CLANG_ENABLE_OBJC_WEAK = YES;
				CLANG_WARN_BLOCK_CAPTURE_AUTORELEASING = YES;
				CLANG_WARN_BOOL_CONVERSION = YES;
				CLANG_WARN_COMMA = YES;
				CLANG_WARN_CONSTANT_CONVERSION = YES;
				CLANG_WARN_DEPRECATED_OBJC_IMPLEMENTATIONS = YES;
				CLANG_WARN_DIRECT_OBJC_ISA_USAGE = YES_ERROR;
				CLANG_WARN_DOCUMENTATION_COMMENTS = YES;
				CLANG_WARN_EMPTY_BODY = YES;
				CLANG_WARN_ENUM_CONVERSION = YES;
				CLANG_WARN_INFINITE_RECURSION = YES;
				CLANG_WARN_INT_CONVERSION = YES;
				CLANG_WARN_NON_LITERAL_NULL_CONVERSION = YES;
				CLANG_WARN_OBJC_IMPLICIT_RETAIN_SELF = YES;
				CLANG_WARN_OBJC_LITERAL_CONVERSION = YES;
				CLANG_WARN_OBJC_ROOT_CLASS = YES_ERROR;
				CLANG_WARN_QUOTED_INCLUDE_IN_FRAMEWORK_HEADER = YES;
				CLANG_WARN_RANGE_LOOP_ANALYSIS = YES;
				CLANG_WARN_STRICT_PROTOTYPES = YES;
				CLANG_WARN_SUSPICIOUS_MOVE = YES;
				CLANG_WARN_UNGUARDED_AVAILABILITY = YES_AGGRESSIVE;
				CLANG_WARN_UNREACHABLE_CODE = YES;
				CLANG_WARN__DUPLICATE_METHOD_MATCH = YES;
				COPY_PHASE_STRIP = NO;
				DEBUG_INFORMATION_FORMAT = dwarf;
				ENABLE_STRICT_OBJC_MSGSEND = YES;
				ENABLE_TESTABILITY = YES;
				GCC_C_LANGUAGE_STANDARD = gnu11;
				GCC_DYNAMIC_NO_PIC = NO;
				GCC_NO_COMMON_BLOCKS = YES;
				GCC_OPTIMIZATION_LEVEL = 0;
				GCC_PREPROCESSOR_DEFINITIONS = (
					"DEBUG=1",
					"$(inherited)",
				);
				GCC_WARN_64_TO_32_BIT_CONVERSION = YES;
				GCC_WARN_ABOUT_RETURN_TYPE = YES_ERROR;
				GCC_WARN_UNDECLARED_SELECTOR = YES;
				GCC_WARN_UNINITIALIZED_AUTOS = YES_AGGRESSIVE;
				GCC_WARN_UNUSED_FUNCTION = YES;
				GCC_WARN_UNUSED_VARIABLE = YES;
				IPHONEOS_DEPLOYMENT_TARGET = 14.2;
				MTL_ENABLE_DEBUG_INFO = INCLUDE_SOURCE;
				MTL_FAST_MATH = YES;
				ONLY_ACTIVE_ARCH = YES;
				SDKROOT = iphoneos;
			};
			name = Debug;
		};
		3490988C256D5E8100D5D861 /* Release */ = {
			isa = XCBuildConfiguration;
			buildSettings = {
				ALWAYS_SEARCH_USER_PATHS = NO;
				CLANG_ANALYZER_NONNULL = YES;
				CLANG_ANALYZER_NUMBER_OBJECT_CONVERSION = YES_AGGRESSIVE;
				CLANG_CXX_LANGUAGE_STANDARD = "gnu++14";
				CLANG_CXX_LIBRARY = "libc++";
				CLANG_ENABLE_MODULES = YES;
				CLANG_ENABLE_OBJC_ARC = YES;
				CLANG_ENABLE_OBJC_WEAK = YES;
				CLANG_WARN_BLOCK_CAPTURE_AUTORELEASING = YES;
				CLANG_WARN_BOOL_CONVERSION = YES;
				CLANG_WARN_COMMA = YES;
				CLANG_WARN_CONSTANT_CONVERSION = YES;
				CLANG_WARN_DEPRECATED_OBJC_IMPLEMENTATIONS = YES;
				CLANG_WARN_DIRECT_OBJC_ISA_USAGE = YES_ERROR;
				CLANG_WARN_DOCUMENTATION_COMMENTS = YES;
				CLANG_WARN_EMPTY_BODY = YES;
				CLANG_WARN_ENUM_CONVERSION = YES;
				CLANG_WARN_INFINITE_RECURSION = YES;
				CLANG_WARN_INT_CONVERSION = YES;
				CLANG_WARN_NON_LITERAL_NULL_CONVERSION = YES;
				CLANG_WARN_OBJC_IMPLICIT_RETAIN_SELF = YES;
				CLANG_WARN_OBJC_LITERAL_CONVERSION = YES;
				CLANG_WARN_OBJC_ROOT_CLASS = YES_ERROR;
				CLANG_WARN_QUOTED_INCLUDE_IN_FRAMEWORK_HEADER = YES;
				CLANG_WARN_RANGE_LOOP_ANALYSIS = YES;
				CLANG_WARN_STRICT_PROTOTYPES = YES;
				CLANG_WARN_SUSPICIOUS_MOVE = YES;
				CLANG_WARN_UNGUARDED_AVAILABILITY = YES_AGGRESSIVE;
				CLANG_WARN_UNREACHABLE_CODE = YES;
				CLANG_WARN__DUPLICATE_METHOD_MATCH = YES;
				COPY_PHASE_STRIP = NO;
				DEBUG_INFORMATION_FORMAT = "dwarf-with-dsym";
				ENABLE_NS_ASSERTIONS = NO;
				ENABLE_STRICT_OBJC_MSGSEND = YES;
				GCC_C_LANGUAGE_STANDARD = gnu11;
				GCC_NO_COMMON_BLOCKS = YES;
				GCC_WARN_64_TO_32_BIT_CONVERSION = YES;
				GCC_WARN_ABOUT_RETURN_TYPE = YES_ERROR;
				GCC_WARN_UNDECLARED_SELECTOR = YES;
				GCC_WARN_UNINITIALIZED_AUTOS = YES_AGGRESSIVE;
				GCC_WARN_UNUSED_FUNCTION = YES;
				GCC_WARN_UNUSED_VARIABLE = YES;
				IPHONEOS_DEPLOYMENT_TARGET = 14.2;
				MTL_ENABLE_DEBUG_INFO = NO;
				MTL_FAST_MATH = YES;
				SDKROOT = iphoneos;
				VALIDATE_PRODUCT = YES;
			};
			name = Release;
		};
		3490988E256D5E8100D5D861 /* Debug */ = {
			isa = XCBuildConfiguration;
			buildSettings = {
				ASSETCATALOG_COMPILER_APPICON_NAME = AppIcon;
				ASSETCATALOG_COMPILER_GLOBAL_ACCENT_COLOR_NAME = AccentColor;
				CODE_SIGN_STYLE = Automatic;
				DEVELOPMENT_TEAM = V65YCRQZ2M;
				INFOPLIST_FILE = UICollectionViewExample/Info.plist;
				LD_RUNPATH_SEARCH_PATHS = (
					"$(inherited)",
					"@executable_path/Frameworks",
				);
				PRODUCT_BUNDLE_IDENTIFIER = com.LZH.UICollectionViewExample;
				PRODUCT_NAME = "$(TARGET_NAME)";
				TARGETED_DEVICE_FAMILY = "1,2";
			};
			name = Debug;
		};
		3490988F256D5E8100D5D861 /* Release */ = {
			isa = XCBuildConfiguration;
			buildSettings = {
				ASSETCATALOG_COMPILER_APPICON_NAME = AppIcon;
				ASSETCATALOG_COMPILER_GLOBAL_ACCENT_COLOR_NAME = AccentColor;
				CODE_SIGN_STYLE = Automatic;
				DEVELOPMENT_TEAM = V65YCRQZ2M;
				INFOPLIST_FILE = UICollectionViewExample/Info.plist;
				LD_RUNPATH_SEARCH_PATHS = (
					"$(inherited)",
					"@executable_path/Frameworks",
				);
				PRODUCT_BUNDLE_IDENTIFIER = com.LZH.UICollectionViewExample;
				PRODUCT_NAME = "$(TARGET_NAME)";
				TARGETED_DEVICE_FAMILY = "1,2";
			};
			name = Release;
		};
/* End XCBuildConfiguration section */

/* Begin XCConfigurationList section */
		34909859256D5E7C00D5D861 /* Build configuration list for PBXProject "UICollectionViewExample" */ = {
			isa = XCConfigurationList;
			buildConfigurations = (
				3490988B256D5E8100D5D861 /* Debug */,
				3490988C256D5E8100D5D861 /* Release */,
			);
			defaultConfigurationIsVisible = 0;
			defaultConfigurationName = Release;
		};
		3490988D256D5E8100D5D861 /* Build configuration list for PBXNativeTarget "UICollectionViewExample" */ = {
			isa = XCConfigurationList;
			buildConfigurations = (
				3490988E256D5E8100D5D861 /* Debug */,
				3490988F256D5E8100D5D861 /* Release */,
			);
			defaultConfigurationIsVisible = 0;
			defaultConfigurationName = Release;
		};
/* End XCConfigurationList section */
	};
	rootObject = 34909856256D5E7C00D5D861 /* Project object */;
}
